
Microsoft Visual Studio Solution File, Format Version 12.00
# Visual Studio Version 16
VisualStudioVersion = 16.0.30804.86
MinimumVisualStudioVersion = 10.0.40219.1
Project("{FAE04EC0-301F-11D3-BF4B-00C04F79EFBC}") = "RecursiveEcho", "RecursiveEcho\RecursiveEcho.csproj", "{9191BD78-3AE3-4F33-BBB7-8C5F20A4CEB2}"
EndProject
Global
	GlobalSection(SolutionConfigurationPlatforms) = preSolution
		Debug|Any CPU = Debug|Any CPU
		Release|Any CPU = Release|Any CPU
	EndGlobalSection
	GlobalSection(ProjectConfigurationPlatforms) = postSolution
		{9191BD78-3AE3-4F33-BBB7-8C5F20A4CEB2}.Debug|Any CPU.ActiveCfg = Debug|Any CPU
		{9191BD78-3AE3-4F33-BBB7-8C5F20A4CEB2}.Debug|Any CPU.Build.0 = Debug|Any CPU
		{9191BD78-3AE3-4F33-BBB7-8C5F20A4CEB2}.Release|Any CPU.ActiveCfg = Release|Any CPU
		{9191BD78-3AE3-4F33-BBB7-8C5F20A4CEB2}.Release|Any CPU.Build.0 = Release|Any CPU
	EndGlobalSection
	GlobalSection(SolutionProperties) = preSolution
		HideSolutionNode = FALSE
	EndGlobalSection
	GlobalSection(ExtensibilityGlobals) = postSolution
		SolutionGuid = {818E7E65-70B0-4D90-A6FF-EF5F3E5429DC}
	EndGlobalSection
EndGlobal
